
Microsoft Visual Studio Solution File, Format Version 12.00
# Visual Studio Version 17
VisualStudioVersion = 17.9.34728.123
MinimumVisualStudioVersion = 10.0.40219.1
Project("{9A19103F-16F7-4668-BE54-9A1E7A4F7556}") = "VNRO-Login", "VNRO-Login.csproj", "{B84C6F78-2DF6-4A04-ACF0-1A0C60D6334A}"
EndProject
Global
	GlobalSection(SolutionConfigurationPlatforms) = preSolution
		Debug|Any CPU = Debug|Any CPU
		Release|Any CPU = Release|Any CPU
	EndGlobalSection
	GlobalSection(ProjectConfigurationPlatforms) = postSolution
		{B84C6F78-2DF6-4A04-ACF0-1A0C60D6334A}.Debug|Any CPU.ActiveCfg = Debug|Any CPU
		{B84C6F78-2DF6-4A04-ACF0-1A0C60D6334A}.Debug|Any CPU.Build.0 = Debug|Any CPU
		{B84C6F78-2DF6-4A04-ACF0-1A0C60D6334A}.Release|Any CPU.ActiveCfg = Release|Any CPU
		{B84C6F78-2DF6-4A04-ACF0-1A0C60D6334A}.Release|Any CPU.Build.0 = Release|Any CPU
	EndGlobalSection
	GlobalSection(SolutionProperties) = preSolution
		HideSolutionNode = FALSE
	EndGlobalSection
	GlobalSection(ExtensibilityGlobals) = postSolution
		SolutionGuid = {1FBDE0EA-9C4D-4118-AD22-5DB1546D11EE}
	EndGlobalSection
EndGlobal
